
Microsoft Visual Studio Solution File, Format Version 12.00
# Visual Studio Version 16
VisualStudioVersion = 16.0.31729.503
MinimumVisualStudioVersion = 10.0.40219.1
Project("{FAE04EC0-301F-11D3-BF4B-00C04F79EFBC}") = "ASPWebConfig", "ASPWebConfig\ASPWebConfig.csproj", "{15CBA616-86F3-4E8E-96D6-9B46EE678A96}"
EndProject
Global
	GlobalSection(SolutionConfigurationPlatforms) = preSolution
		Debug|Any CPU = Debug|Any CPU
		Release|Any CPU = Release|Any CPU
	EndGlobalSection
	GlobalSection(ProjectConfigurationPlatforms) = postSolution
		{15CBA616-86F3-4E8E-96D6-9B46EE678A96}.Debug|Any CPU.ActiveCfg = Debug|Any CPU
		{15CBA616-86F3-4E8E-96D6-9B46EE678A96}.Debug|Any CPU.Build.0 = Debug|Any CPU
		{15CBA616-86F3-4E8E-96D6-9B46EE678A96}.Release|Any CPU.ActiveCfg = Release|Any CPU
		{15CBA616-86F3-4E8E-96D6-9B46EE678A96}.Release|Any CPU.Build.0 = Release|Any CPU
	EndGlobalSection
	GlobalSection(SolutionProperties) = preSolution
		HideSolutionNode = FALSE
	EndGlobalSection
	GlobalSection(ExtensibilityGlobals) = postSolution
		SolutionGuid = {B862BC94-4D7A-4A7D-9241-34F1E115BBBC}
	EndGlobalSection
EndGlobal
